{
    "version": 3,
    "terraform_version": "0.11.14",
    "serial": 43,
    "lineage": "759ac51c-4dfa-0927-d1d3-0aec670c295d",
    "modules": [
        {
            "path": [
                "root"
            ],
            "outputs": {
                "elb-dns-name": {
                    "sensitive": false,
                    "type": "string",
                    "value": "terra-elb-1264801929.ap-south-1.elb.amazonaws.com"
                }
            },
            "resources": {
                "aws_elb.terra-elb": {
                    "type": "aws_elb",
                    "depends_on": [
                        "aws_instance.webservers.*",
                        "aws_security_group.web-node",
                        "aws_subnet.public.*"
                    ],
                    "primary": {
                        "id": "terra-elb",
                        "attributes": {
                            "access_logs.#": "0",
                            "arn": "arn:aws:elasticloadbalancing:ap-south-1:057031317407:loadbalancer/terra-elb",
                            "availability_zones.#": "2",
                            "availability_zones.1163474009": "ap-south-1a",
                            "availability_zones.3696256483": "ap-south-1b",
                            "connection_draining": "true",
                            "connection_draining_timeout": "300",
                            "cross_zone_load_balancing": "true",
                            "dns_name": "terra-elb-1264801929.ap-south-1.elb.amazonaws.com",
                            "health_check.#": "1",
                            "health_check.0.healthy_threshold": "2",
                            "health_check.0.interval": "30",
                            "health_check.0.target": "HTTP:80/index.html",
                            "health_check.0.timeout": "3",
                            "health_check.0.unhealthy_threshold": "2",
                            "id": "terra-elb",
                            "idle_timeout": "100",
                            "instances.#": "2",
                            "instances.2129473433": "i-0001f9cd63f144e87",
                            "instances.336196099": "i-07416ac63336c48bb",
                            "internal": "false",
                            "listener.#": "1",
                            "listener.3057123346.instance_port": "80",
                            "listener.3057123346.instance_protocol": "http",
                            "listener.3057123346.lb_port": "80",
                            "listener.3057123346.lb_protocol": "http",
                            "listener.3057123346.ssl_certificate_id": "",
                            "name": "terra-elb",
                            "security_groups.#": "1",
                            "security_groups.1461897261": "sg-05927e6e7a7956e26",
                            "source_security_group": "057031317407/web-node",
                            "source_security_group_id": "sg-05927e6e7a7956e26",
                            "subnets.#": "2",
                            "subnets.1361534180": "subnet-076bdf5725608c8f7",
                            "subnets.4159532721": "subnet-0d4459c675f7e5a07",
                            "tags.%": "1",
                            "tags.Name": "terraform-elb",
                            "zone_id": "ZP97RAFLXTNZK"
                        },
                        "meta": {},
                        "tainted": false
                    },
                    "deposed": [],
                    "provider": "provider.aws"
                },
                "aws_instance.webservers.0": {
                    "type": "aws_instance",
                    "depends_on": [
                        "aws_security_group.web-node",
                        "aws_subnet.public.*"
                    ],
                    "primary": {
                        "id": "i-0001f9cd63f144e87",
                        "attributes": {
                            "ami": "ami-009110a2bf8d7dd0a",
                            "arn": "arn:aws:ec2:ap-south-1:057031317407:instance/i-0001f9cd63f144e87",
                            "associate_public_ip_address": "true",
                            "availability_zone": "ap-south-1a",
                            "cpu_core_count": "1",
                            "cpu_threads_per_core": "1",
                            "credit_specification.#": "1",
                            "credit_specification.0.cpu_credits": "standard",
                            "disable_api_termination": "false",
                            "ebs_block_device.#": "0",
                            "ebs_optimized": "false",
                            "ephemeral_block_device.#": "0",
                            "get_password_data": "false",
                            "iam_instance_profile": "",
                            "id": "i-0001f9cd63f144e87",
                            "instance_state": "running",
                            "instance_type": "t2.micro",
                            "ipv6_address_count": "0",
                            "ipv6_addresses.#": "0",
                            "key_name": "amiga",
                            "monitoring": "false",
                            "network_interface.#": "0",
                            "password_data": "",
                            "placement_group": "",
                            "primary_network_interface_id": "eni-0f2107e7db7ef12be",
                            "private_dns": "ip-10-0-6-1.ap-south-1.compute.internal",
                            "private_ip": "10.0.6.1",
                            "public_dns": "",
                            "public_ip": "13.233.94.3",
                            "root_block_device.#": "1",
                            "root_block_device.0.delete_on_termination": "true",
                            "root_block_device.0.encrypted": "false",
                            "root_block_device.0.iops": "100",
                            "root_block_device.0.kms_key_id": "",
                            "root_block_device.0.volume_id": "vol-0475b543a1fd3a5db",
                            "root_block_device.0.volume_size": "8",
                            "root_block_device.0.volume_type": "gp2",
                            "security_groups.#": "0",
                            "source_dest_check": "true",
                            "subnet_id": "subnet-0d4459c675f7e5a07",
                            "tags.%": "1",
                            "tags.Name": "Server-0",
                            "tenancy": "default",
                            "volume_tags.%": "0",
                            "vpc_security_group_ids.#": "1",
                            "vpc_security_group_ids.1461897261": "sg-05927e6e7a7956e26"
                        },
                        "meta": {
                            "e2bfb730-ecaa-11e6-8f88-34363bc7c4c0": {
                                "create": 600000000000,
                                "delete": 1200000000000,
                                "update": 600000000000
                            },
                            "schema_version": "1"
                        },
                        "tainted": false
                    },
                    "deposed": [],
                    "provider": "provider.aws"
                },
                "aws_instance.webservers.1": {
                    "type": "aws_instance",
                    "depends_on": [
                        "aws_security_group.web-node",
                        "aws_subnet.public.*"
                    ],
                    "primary": {
                        "id": "i-07416ac63336c48bb",
                        "attributes": {
                            "ami": "ami-009110a2bf8d7dd0a",
                            "arn": "arn:aws:ec2:ap-south-1:057031317407:instance/i-07416ac63336c48bb",
                            "associate_public_ip_address": "true",
                            "availability_zone": "ap-south-1b",
                            "cpu_core_count": "1",
                            "cpu_threads_per_core": "1",
                            "credit_specification.#": "1",
                            "credit_specification.0.cpu_credits": "standard",
                            "disable_api_termination": "false",
                            "ebs_block_device.#": "0",
                            "ebs_optimized": "false",
                            "ephemeral_block_device.#": "0",
                            "get_password_data": "false",
                            "iam_instance_profile": "",
                            "id": "i-07416ac63336c48bb",
                            "instance_state": "running",
                            "instance_type": "t2.micro",
                            "ipv6_address_count": "0",
                            "ipv6_addresses.#": "0",
                            "key_name": "amiga",
                            "monitoring": "false",
                            "network_interface.#": "0",
                            "password_data": "",
                            "placement_group": "",
                            "primary_network_interface_id": "eni-075f5c9e164f368c0",
                            "private_dns": "ip-10-0-22-127.ap-south-1.compute.internal",
                            "private_ip": "10.0.22.127",
                            "public_dns": "",
                            "public_ip": "13.127.91.123",
                            "root_block_device.#": "1",
                            "root_block_device.0.delete_on_termination": "true",
                            "root_block_device.0.encrypted": "false",
                            "root_block_device.0.iops": "100",
                            "root_block_device.0.kms_key_id": "",
                            "root_block_device.0.volume_id": "vol-00d5f1f640b050d19",
                            "root_block_device.0.volume_size": "8",
                            "root_block_device.0.volume_type": "gp2",
                            "security_groups.#": "0",
                            "source_dest_check": "true",
                            "subnet_id": "subnet-076bdf5725608c8f7",
                            "tags.%": "1",
                            "tags.Name": "Server-1",
                            "tenancy": "default",
                            "volume_tags.%": "0",
                            "vpc_security_group_ids.#": "1",
                            "vpc_security_group_ids.1461897261": "sg-05927e6e7a7956e26"
                        },
                        "meta": {
                            "e2bfb730-ecaa-11e6-8f88-34363bc7c4c0": {
                                "create": 600000000000,
                                "delete": 1200000000000,
                                "update": 600000000000
                            },
                            "schema_version": "1"
                        },
                        "tainted": false
                    },
                    "deposed": [],
                    "provider": "provider.aws"
                },
                "aws_internet_gateway.terra_igw": {
                    "type": "aws_internet_gateway",
                    "depends_on": [
                        "aws_vpc.terra_vpc"
                    ],
                    "primary": {
                        "id": "igw-0f82409c1c12a9533",
                        "attributes": {
                            "id": "igw-0f82409c1c12a9533",
                            "owner_id": "057031317407",
                            "tags.%": "1",
                            "tags.Name": "main",
                            "vpc_id": "vpc-077a1f5d2f53478a6"
                        },
                        "meta": {},
                        "tainted": false
                    },
                    "deposed": [],
                    "provider": "provider.aws"
                },
                "aws_route_table.public_rt": {
                    "type": "aws_route_table",
                    "depends_on": [
                        "aws_internet_gateway.terra_igw",
                        "aws_vpc.terra_vpc"
                    ],
                    "primary": {
                        "id": "rtb-0ec4b6cfb5dfabf82",
                        "attributes": {
                            "id": "rtb-0ec4b6cfb5dfabf82",
                            "owner_id": "057031317407",
                            "propagating_vgws.#": "0",
                            "route.#": "1",
                            "route.1650344952.cidr_block": "0.0.0.0/0",
                            "route.1650344952.egress_only_gateway_id": "",
                            "route.1650344952.gateway_id": "igw-0f82409c1c12a9533",
                            "route.1650344952.instance_id": "",
                            "route.1650344952.ipv6_cidr_block": "",
                            "route.1650344952.nat_gateway_id": "",
                            "route.1650344952.network_interface_id": "",
                            "route.1650344952.transit_gateway_id": "",
                            "route.1650344952.vpc_peering_connection_id": "",
                            "tags.%": "1",
                            "tags.Name": "publicRouteTable",
                            "vpc_id": "vpc-077a1f5d2f53478a6"
                        },
                        "meta": {},
                        "tainted": false
                    },
                    "deposed": [],
                    "provider": "provider.aws"
                },
                "aws_route_table_association.a.0": {
                    "type": "aws_route_table_association",
                    "depends_on": [
                        "aws_route_table.public_rt",
                        "aws_subnet.public.*"
                    ],
                    "primary": {
                        "id": "rtbassoc-016cee1ec42f4b1b4",
                        "attributes": {
                            "id": "rtbassoc-016cee1ec42f4b1b4",
                            "route_table_id": "rtb-0ec4b6cfb5dfabf82",
                            "subnet_id": "subnet-0d4459c675f7e5a07"
                        },
                        "meta": {},
                        "tainted": false
                    },
                    "deposed": [],
                    "provider": "provider.aws"
                },
                "aws_route_table_association.a.1": {
                    "type": "aws_route_table_association",
                    "depends_on": [
                        "aws_route_table.public_rt",
                        "aws_subnet.public.*"
                    ],
                    "primary": {
                        "id": "rtbassoc-0222f8293b3944322",
                        "attributes": {
                            "id": "rtbassoc-0222f8293b3944322",
                            "route_table_id": "rtb-0ec4b6cfb5dfabf82",
                            "subnet_id": "subnet-076bdf5725608c8f7"
                        },
                        "meta": {},
                        "tainted": false
                    },
                    "deposed": [],
                    "provider": "provider.aws"
                },
                "aws_security_group.web-node": {
                    "type": "aws_security_group",
                    "depends_on": [
                        "aws_vpc.terra_vpc"
                    ],
                    "primary": {
                        "id": "sg-05927e6e7a7956e26",
                        "attributes": {
                            "arn": "arn:aws:ec2:ap-south-1:057031317407:security-group/sg-05927e6e7a7956e26",
                            "description": "Web Security Group",
                            "egress.#": "1",
                            "egress.482069346.cidr_blocks.#": "1",
                            "egress.482069346.cidr_blocks.0": "0.0.0.0/0",
                            "egress.482069346.description": "",
                            "egress.482069346.from_port": "0",
                            "egress.482069346.ipv6_cidr_blocks.#": "0",
                            "egress.482069346.prefix_list_ids.#": "0",
                            "egress.482069346.protocol": "-1",
                            "egress.482069346.security_groups.#": "0",
                            "egress.482069346.self": "false",
                            "egress.482069346.to_port": "0",
                            "id": "sg-05927e6e7a7956e26",
                            "ingress.#": "2",
                            "ingress.2214680975.cidr_blocks.#": "1",
                            "ingress.2214680975.cidr_blocks.0": "0.0.0.0/0",
                            "ingress.2214680975.description": "",
                            "ingress.2214680975.from_port": "80",
                            "ingress.2214680975.ipv6_cidr_blocks.#": "0",
                            "ingress.2214680975.prefix_list_ids.#": "0",
                            "ingress.2214680975.protocol": "tcp",
                            "ingress.2214680975.security_groups.#": "0",
                            "ingress.2214680975.self": "false",
                            "ingress.2214680975.to_port": "80",
                            "ingress.2541437006.cidr_blocks.#": "1",
                            "ingress.2541437006.cidr_blocks.0": "0.0.0.0/0",
                            "ingress.2541437006.description": "",
                            "ingress.2541437006.from_port": "22",
                            "ingress.2541437006.ipv6_cidr_blocks.#": "0",
                            "ingress.2541437006.prefix_list_ids.#": "0",
                            "ingress.2541437006.protocol": "tcp",
                            "ingress.2541437006.security_groups.#": "0",
                            "ingress.2541437006.self": "false",
                            "ingress.2541437006.to_port": "22",
                            "name": "web-node",
                            "owner_id": "057031317407",
                            "revoke_rules_on_delete": "false",
                            "tags.%": "1",
                            "tags.Name": "web-node",
                            "vpc_id": "vpc-077a1f5d2f53478a6"
                        },
                        "meta": {
                            "e2bfb730-ecaa-11e6-8f88-34363bc7c4c0": {
                                "create": 600000000000,
                                "delete": 600000000000
                            },
                            "schema_version": "1"
                        },
                        "tainted": false
                    },
                    "deposed": [],
                    "provider": "provider.aws"
                },
                "aws_subnet.public.0": {
                    "type": "aws_subnet",
                    "depends_on": [
                        "aws_vpc.terra_vpc"
                    ],
                    "primary": {
                        "id": "subnet-0d4459c675f7e5a07",
                        "attributes": {
                            "arn": "arn:aws:ec2:ap-south-1:057031317407:subnet/subnet-0d4459c675f7e5a07",
                            "assign_ipv6_address_on_creation": "false",
                            "availability_zone": "ap-south-1a",
                            "availability_zone_id": "aps1-az1",
                            "cidr_block": "10.0.0.0/20",
                            "id": "subnet-0d4459c675f7e5a07",
                            "ipv6_cidr_block": "",
                            "ipv6_cidr_block_association_id": "",
                            "map_public_ip_on_launch": "true",
                            "owner_id": "057031317407",
                            "tags.%": "1",
                            "tags.Name": "Subnet-1",
                            "vpc_id": "vpc-077a1f5d2f53478a6"
                        },
                        "meta": {
                            "e2bfb730-ecaa-11e6-8f88-34363bc7c4c0": {
                                "create": 600000000000,
                                "delete": 1200000000000
                            },
                            "schema_version": "1"
                        },
                        "tainted": false
                    },
                    "deposed": [],
                    "provider": "provider.aws"
                },
                "aws_subnet.public.1": {
                    "type": "aws_subnet",
                    "depends_on": [
                        "aws_vpc.terra_vpc"
                    ],
                    "primary": {
                        "id": "subnet-076bdf5725608c8f7",
                        "attributes": {
                            "arn": "arn:aws:ec2:ap-south-1:057031317407:subnet/subnet-076bdf5725608c8f7",
                            "assign_ipv6_address_on_creation": "false",
                            "availability_zone": "ap-south-1b",
                            "availability_zone_id": "aps1-az3",
                            "cidr_block": "10.0.16.0/20",
                            "id": "subnet-076bdf5725608c8f7",
                            "ipv6_cidr_block": "",
                            "ipv6_cidr_block_association_id": "",
                            "map_public_ip_on_launch": "true",
                            "owner_id": "057031317407",
                            "tags.%": "1",
                            "tags.Name": "Subnet-2",
                            "vpc_id": "vpc-077a1f5d2f53478a6"
                        },
                        "meta": {
                            "e2bfb730-ecaa-11e6-8f88-34363bc7c4c0": {
                                "create": 600000000000,
                                "delete": 1200000000000
                            },
                            "schema_version": "1"
                        },
                        "tainted": false
                    },
                    "deposed": [],
                    "provider": "provider.aws"
                },
                "aws_vpc.terra_vpc": {
                    "type": "aws_vpc",
                    "depends_on": [],
                    "primary": {
                        "id": "vpc-077a1f5d2f53478a6",
                        "attributes": {
                            "arn": "arn:aws:ec2:ap-south-1:057031317407:vpc/vpc-077a1f5d2f53478a6",
                            "assign_generated_ipv6_cidr_block": "false",
                            "cidr_block": "10.0.0.0/18",
                            "default_network_acl_id": "acl-0bbd9899062171956",
                            "default_route_table_id": "rtb-0029377ac4ab09bbe",
                            "default_security_group_id": "sg-07b4141fffd911b42",
                            "dhcp_options_id": "dopt-041d74d37ac70c856",
                            "enable_dns_hostnames": "false",
                            "enable_dns_support": "true",
                            "id": "vpc-077a1f5d2f53478a6",
                            "instance_tenancy": "default",
                            "ipv6_association_id": "",
                            "ipv6_cidr_block": "",
                            "main_route_table_id": "rtb-0029377ac4ab09bbe",
                            "owner_id": "057031317407",
                            "tags.%": "1",
                            "tags.Name": "Amiga-VPC"
                        },
                        "meta": {
                            "schema_version": "1"
                        },
                        "tainted": false
                    },
                    "deposed": [],
                    "provider": "provider.aws"
                }
            },
            "depends_on": []
        }
    ]
}
