{
    "version": 3,
    "terraform_version": "0.11.13",
    "serial": 9,
    "lineage": "696943a9-a774-c10f-9560-68015d83211f",
    "modules": [
        {
            "path": [
                "root"
            ],
            "outputs": {},
            "resources": {
                "aws_vpc.My_VPC": {
                    "type": "aws_vpc",
                    "depends_on": [],
                    "primary": {
                        "id": "vpc-023b4eaff69ae9da9",
                        "attributes": {
                            "arn": "arn:aws:ec2:ap-south-1:057031317407:vpc/vpc-023b4eaff69ae9da9",
                            "assign_generated_ipv6_cidr_block": "false",
                            "cidr_block": "10.0.0.0/16",
                            "default_network_acl_id": "acl-004659bf231eee329",
                            "default_route_table_id": "rtb-02c5cf4173f9216a6",
                            "default_security_group_id": "sg-027da0f837fcec88a",
                            "dhcp_options_id": "dopt-dfe600b4",
                            "enable_dns_hostnames": "true",
                            "enable_dns_support": "true",
                            "id": "vpc-023b4eaff69ae9da9",
                            "instance_tenancy": "default",
                            "ipv6_association_id": "",
                            "ipv6_cidr_block": "",
                            "main_route_table_id": "rtb-02c5cf4173f9216a6",
                            "owner_id": "057031317407",
                            "tags.%": "1",
                            "tags.Name": "test-vpc"
                        },
                        "meta": {
                            "schema_version": "1"
                        },
                        "tainted": false
                    },
                    "deposed": [],
                    "provider": "provider.aws"
                }
            },
            "depends_on": []
        }
    ]
}
