{
    "version": 3,
    "terraform_version": "0.11.14",
    "serial": 4,
    "lineage": "07aab3ae-ddc5-6b83-7e07-275fc0525fdf",
    "modules": [
        {
            "path": [
                "root"
            ],
            "outputs": {},
            "resources": {
                "aws_instance.testInstance": {
                    "type": "aws_instance",
                    "depends_on": [
                        "aws_security_group.sg_22",
                        "aws_subnet.subnet_public"
                    ],
                    "primary": {
                        "id": "i-0c1a62e33c7db1b92",
                        "attributes": {
                            "ami": "ami-009110a2bf8d7dd0a",
                            "arn": "arn:aws:ec2:ap-south-1:057031317407:instance/i-0c1a62e33c7db1b92",
                            "associate_public_ip_address": "true",
                            "availability_zone": "ap-south-1a",
                            "cpu_core_count": "1",
                            "cpu_threads_per_core": "1",
                            "credit_specification.#": "1",
                            "credit_specification.0.cpu_credits": "standard",
                            "disable_api_termination": "false",
                            "ebs_block_device.#": "0",
                            "ebs_optimized": "false",
                            "ephemeral_block_device.#": "0",
                            "get_password_data": "false",
                            "iam_instance_profile": "",
                            "id": "i-0c1a62e33c7db1b92",
                            "instance_state": "running",
                            "instance_type": "t2.micro",
                            "ipv6_address_count": "0",
                            "ipv6_addresses.#": "0",
                            "key_name": "amiga",
                            "monitoring": "false",
                            "network_interface.#": "0",
                            "password_data": "",
                            "placement_group": "",
                            "primary_network_interface_id": "eni-08d5b816450660120",
                            "private_dns": "ip-10-1-0-118.ap-south-1.compute.internal",
                            "private_ip": "10.1.0.118",
                            "public_dns": "ec2-13-234-115-63.ap-south-1.compute.amazonaws.com",
                            "public_ip": "13.234.115.63",
                            "root_block_device.#": "1",
                            "root_block_device.0.delete_on_termination": "true",
                            "root_block_device.0.encrypted": "false",
                            "root_block_device.0.iops": "100",
                            "root_block_device.0.kms_key_id": "",
                            "root_block_device.0.volume_id": "vol-061d609f90b2731ee",
                            "root_block_device.0.volume_size": "8",
                            "root_block_device.0.volume_type": "gp2",
                            "security_groups.#": "0",
                            "source_dest_check": "true",
                            "subnet_id": "subnet-0c6c5a324cc361876",
                            "tags.%": "2",
                            "tags.Environment": "Production",
                            "tags.Name": "Main-Server",
                            "tenancy": "default",
                            "volume_tags.%": "0",
                            "vpc_security_group_ids.#": "1",
                            "vpc_security_group_ids.3961680702": "sg-00237fb75b66b31bc"
                        },
                        "meta": {
                            "e2bfb730-ecaa-11e6-8f88-34363bc7c4c0": {
                                "create": 600000000000,
                                "delete": 1200000000000,
                                "update": 600000000000
                            },
                            "schema_version": "1"
                        },
                        "tainted": false
                    },
                    "deposed": [],
                    "provider": "provider.aws"
                },
                "aws_internet_gateway.igw": {
                    "type": "aws_internet_gateway",
                    "depends_on": [
                        "aws_vpc.vpc"
                    ],
                    "primary": {
                        "id": "igw-07e8814ae38377c1b",
                        "attributes": {
                            "id": "igw-07e8814ae38377c1b",
                            "owner_id": "057031317407",
                            "tags.%": "2",
                            "tags.Environment": "Production",
                            "tags.Name": "IGW-Fresh",
                            "vpc_id": "vpc-0788423b9377fa689"
                        },
                        "meta": {},
                        "tainted": false
                    },
                    "deposed": [],
                    "provider": "provider.aws"
                },
                "aws_route_table.rtb_public": {
                    "type": "aws_route_table",
                    "depends_on": [
                        "aws_internet_gateway.igw",
                        "aws_vpc.vpc"
                    ],
                    "primary": {
                        "id": "rtb-084b4d2c757824ba7",
                        "attributes": {
                            "id": "rtb-084b4d2c757824ba7",
                            "owner_id": "057031317407",
                            "propagating_vgws.#": "0",
                            "route.#": "1",
                            "route.3991067565.cidr_block": "0.0.0.0/0",
                            "route.3991067565.egress_only_gateway_id": "",
                            "route.3991067565.gateway_id": "igw-07e8814ae38377c1b",
                            "route.3991067565.instance_id": "",
                            "route.3991067565.ipv6_cidr_block": "",
                            "route.3991067565.nat_gateway_id": "",
                            "route.3991067565.network_interface_id": "",
                            "route.3991067565.transit_gateway_id": "",
                            "route.3991067565.vpc_peering_connection_id": "",
                            "tags.%": "2",
                            "tags.Environment": "Production",
                            "tags.Name": "Fresh-Router-Table",
                            "vpc_id": "vpc-0788423b9377fa689"
                        },
                        "meta": {},
                        "tainted": false
                    },
                    "deposed": [],
                    "provider": "provider.aws"
                },
                "aws_route_table_association.rta_subnet_public": {
                    "type": "aws_route_table_association",
                    "depends_on": [
                        "aws_route_table.rtb_public",
                        "aws_subnet.subnet_public"
                    ],
                    "primary": {
                        "id": "rtbassoc-03e131fbab0e14055",
                        "attributes": {
                            "id": "rtbassoc-03e131fbab0e14055",
                            "route_table_id": "rtb-084b4d2c757824ba7",
                            "subnet_id": "subnet-0c6c5a324cc361876"
                        },
                        "meta": {},
                        "tainted": false
                    },
                    "deposed": [],
                    "provider": "provider.aws"
                },
                "aws_security_group.sg_22": {
                    "type": "aws_security_group",
                    "depends_on": [
                        "aws_vpc.vpc"
                    ],
                    "primary": {
                        "id": "sg-00237fb75b66b31bc",
                        "attributes": {
                            "arn": "arn:aws:ec2:ap-south-1:057031317407:security-group/sg-00237fb75b66b31bc",
                            "description": "Managed by Terraform",
                            "egress.#": "1",
                            "egress.482069346.cidr_blocks.#": "1",
                            "egress.482069346.cidr_blocks.0": "0.0.0.0/0",
                            "egress.482069346.description": "",
                            "egress.482069346.from_port": "0",
                            "egress.482069346.ipv6_cidr_blocks.#": "0",
                            "egress.482069346.prefix_list_ids.#": "0",
                            "egress.482069346.protocol": "-1",
                            "egress.482069346.security_groups.#": "0",
                            "egress.482069346.self": "false",
                            "egress.482069346.to_port": "0",
                            "id": "sg-00237fb75b66b31bc",
                            "ingress.#": "1",
                            "ingress.429259901.cidr_blocks.#": "1",
                            "ingress.429259901.cidr_blocks.0": "0.0.0.0/0",
                            "ingress.429259901.description": "",
                            "ingress.429259901.from_port": "1",
                            "ingress.429259901.ipv6_cidr_blocks.#": "0",
                            "ingress.429259901.prefix_list_ids.#": "0",
                            "ingress.429259901.protocol": "tcp",
                            "ingress.429259901.security_groups.#": "0",
                            "ingress.429259901.self": "false",
                            "ingress.429259901.to_port": "65530",
                            "name": "sg_22",
                            "owner_id": "057031317407",
                            "revoke_rules_on_delete": "false",
                            "tags.%": "2",
                            "tags.Environment": "Production",
                            "tags.Name": "Fresh-Group",
                            "vpc_id": "vpc-0788423b9377fa689"
                        },
                        "meta": {
                            "e2bfb730-ecaa-11e6-8f88-34363bc7c4c0": {
                                "create": 600000000000,
                                "delete": 600000000000
                            },
                            "schema_version": "1"
                        },
                        "tainted": false
                    },
                    "deposed": [],
                    "provider": "provider.aws"
                },
                "aws_subnet.subnet_public": {
                    "type": "aws_subnet",
                    "depends_on": [
                        "aws_vpc.vpc"
                    ],
                    "primary": {
                        "id": "subnet-0c6c5a324cc361876",
                        "attributes": {
                            "arn": "arn:aws:ec2:ap-south-1:057031317407:subnet/subnet-0c6c5a324cc361876",
                            "assign_ipv6_address_on_creation": "false",
                            "availability_zone": "ap-south-1a",
                            "availability_zone_id": "aps1-az1",
                            "cidr_block": "10.1.0.0/24",
                            "id": "subnet-0c6c5a324cc361876",
                            "ipv6_cidr_block": "",
                            "ipv6_cidr_block_association_id": "",
                            "map_public_ip_on_launch": "true",
                            "owner_id": "057031317407",
                            "tags.%": "2",
                            "tags.Environment": "Production",
                            "tags.Name": "Fresh-Subnet",
                            "vpc_id": "vpc-0788423b9377fa689"
                        },
                        "meta": {
                            "e2bfb730-ecaa-11e6-8f88-34363bc7c4c0": {
                                "create": 600000000000,
                                "delete": 1200000000000
                            },
                            "schema_version": "1"
                        },
                        "tainted": false
                    },
                    "deposed": [],
                    "provider": "provider.aws"
                },
                "aws_vpc.vpc": {
                    "type": "aws_vpc",
                    "depends_on": [],
                    "primary": {
                        "id": "vpc-0788423b9377fa689",
                        "attributes": {
                            "arn": "arn:aws:ec2:ap-south-1:057031317407:vpc/vpc-0788423b9377fa689",
                            "assign_generated_ipv6_cidr_block": "false",
                            "cidr_block": "10.1.0.0/16",
                            "default_network_acl_id": "acl-08225cc5bf032980c",
                            "default_route_table_id": "rtb-0745a8e18dba749fe",
                            "default_security_group_id": "sg-046637e1adf6cc1b7",
                            "dhcp_options_id": "dopt-dfe600b4",
                            "enable_dns_hostnames": "true",
                            "enable_dns_support": "true",
                            "id": "vpc-0788423b9377fa689",
                            "instance_tenancy": "default",
                            "ipv6_association_id": "",
                            "ipv6_cidr_block": "",
                            "main_route_table_id": "rtb-0745a8e18dba749fe",
                            "owner_id": "057031317407",
                            "tags.%": "2",
                            "tags.Environment": "Production",
                            "tags.Name": "Fresh-VPC"
                        },
                        "meta": {
                            "schema_version": "1"
                        },
                        "tainted": false
                    },
                    "deposed": [],
                    "provider": "provider.aws"
                }
            },
            "depends_on": []
        }
    ]
}
