{
    "version": 3,
    "terraform_version": "0.11.13",
    "serial": 12,
    "lineage": "adf255c0-c5b7-a76e-d1cf-3659ae328354",
    "modules": [
        {
            "path": [
                "root"
            ],
            "outputs": {},
            "resources": {
                "aws_alb_target_group.freeshop-tg": {
                    "type": "aws_alb_target_group",
                    "depends_on": [
                        "aws_vpc.freeshop_VPC"
                    ],
                    "primary": {
                        "id": "arn:aws:elasticloadbalancing:ap-south-1:057031317407:targetgroup/freeshop-tg/141ef333f98903f0",
                        "attributes": {
                            "arn": "arn:aws:elasticloadbalancing:ap-south-1:057031317407:targetgroup/freeshop-tg/141ef333f98903f0",
                            "arn_suffix": "targetgroup/freeshop-tg/141ef333f98903f0",
                            "deregistration_delay": "300",
                            "health_check.#": "1",
                            "health_check.0.enabled": "true",
                            "health_check.0.healthy_threshold": "5",
                            "health_check.0.interval": "30",
                            "health_check.0.matcher": "200",
                            "health_check.0.path": "/",
                            "health_check.0.port": "traffic-port",
                            "health_check.0.protocol": "HTTP",
                            "health_check.0.timeout": "5",
                            "health_check.0.unhealthy_threshold": "2",
                            "id": "arn:aws:elasticloadbalancing:ap-south-1:057031317407:targetgroup/freeshop-tg/141ef333f98903f0",
                            "lambda_multi_value_headers_enabled": "false",
                            "name": "freeshop-tg",
                            "port": "8080",
                            "protocol": "HTTP",
                            "proxy_protocol_v2": "false",
                            "slow_start": "0",
                            "stickiness.#": "1",
                            "stickiness.0.cookie_duration": "86400",
                            "stickiness.0.enabled": "false",
                            "stickiness.0.type": "lb_cookie",
                            "tags.%": "1",
                            "tags.Name": "freeshop-tg",
                            "target_type": "instance",
                            "vpc_id": "vpc-0875b663d4dc5306f"
                        },
                        "meta": {},
                        "tainted": false
                    },
                    "deposed": [],
                    "provider": "provider.aws"
                },
                "aws_autoscaling_group.freeshop": {
                    "type": "aws_autoscaling_group",
                    "depends_on": [
                        "aws_launch_configuration.freeshop",
                        "aws_subnet.freeshop_public_subnet"
                    ],
                    "primary": {
                        "id": "tf-asg-20190916215333943700000001",
                        "attributes": {
                            "arn": "arn:aws:autoscaling:ap-south-1:057031317407:autoScalingGroup:59283775-9e09-406b-b258-683e12b6d583:autoScalingGroupName/tf-asg-20190916215333943700000001",
                            "availability_zones.#": "1",
                            "availability_zones.3696256483": "ap-south-1b",
                            "default_cooldown": "300",
                            "desired_capacity": "2",
                            "enabled_metrics.#": "0",
                            "force_delete": "false",
                            "health_check_grace_period": "300",
                            "health_check_type": "EC2",
                            "id": "tf-asg-20190916215333943700000001",
                            "launch_configuration": "terraform-20190916192536038600000001",
                            "launch_template.#": "0",
                            "load_balancers.#": "0",
                            "max_size": "5",
                            "metrics_granularity": "1Minute",
                            "min_size": "2",
                            "mixed_instances_policy.#": "0",
                            "name": "tf-asg-20190916215333943700000001",
                            "placement_group": "",
                            "protect_from_scale_in": "false",
                            "service_linked_role_arn": "arn:aws:iam::057031317407:role/aws-service-role/autoscaling.amazonaws.com/AWSServiceRoleForAutoScaling",
                            "suspended_processes.#": "0",
                            "tag.#": "1",
                            "tag.1996524668.key": "Name",
                            "tag.1996524668.propagate_at_launch": "true",
                            "tag.1996524668.value": "Freeshop-Instance",
                            "target_group_arns.#": "0",
                            "termination_policies.#": "0",
                            "vpc_zone_identifier.#": "1",
                            "vpc_zone_identifier.2166264517": "subnet-09b94604c21e45ab1",
                            "wait_for_capacity_timeout": "10m"
                        },
                        "meta": {
                            "e2bfb730-ecaa-11e6-8f88-34363bc7c4c0": {
                                "delete": 600000000000
                            }
                        },
                        "tainted": false
                    },
                    "deposed": [],
                    "provider": "provider.aws"
                },
                "aws_internet_gateway.freeshop-int-GW": {
                    "type": "aws_internet_gateway",
                    "depends_on": [
                        "aws_vpc.freeshop_VPC"
                    ],
                    "primary": {
                        "id": "igw-028982d45c4ce5df9",
                        "attributes": {
                            "id": "igw-028982d45c4ce5df9",
                            "owner_id": "057031317407",
                            "tags.%": "1",
                            "tags.Name": "Freeshop Int Gateway",
                            "vpc_id": "vpc-0875b663d4dc5306f"
                        },
                        "meta": {},
                        "tainted": false
                    },
                    "deposed": [],
                    "provider": "provider.aws"
                },
                "aws_launch_configuration.freeshop": {
                    "type": "aws_launch_configuration",
                    "depends_on": [
                        "aws_security_group.freeshop_public_sg"
                    ],
                    "primary": {
                        "id": "terraform-20190916192536038600000001",
                        "attributes": {
                            "associate_public_ip_address": "false",
                            "ebs_block_device.#": "0",
                            "ebs_optimized": "false",
                            "enable_monitoring": "true",
                            "ephemeral_block_device.#": "0",
                            "iam_instance_profile": "",
                            "id": "terraform-20190916192536038600000001",
                            "image_id": "ami-009110a2bf8d7dd0a",
                            "instance_type": "t2.micro",
                            "key_name": "pc",
                            "name": "terraform-20190916192536038600000001",
                            "root_block_device.#": "0",
                            "security_groups.#": "1",
                            "security_groups.3895520376": "sg-0ae0c734d4d2226b3",
                            "spot_price": "",
                            "user_data": "c765373c563b260626d113c4a56a46e8a8c5ca33",
                            "vpc_classic_link_id": "",
                            "vpc_classic_link_security_groups.#": "0"
                        },
                        "meta": {},
                        "tainted": false
                    },
                    "deposed": [],
                    "provider": "provider.aws"
                },
                "aws_network_acl.Freeshop_Security_ACL": {
                    "type": "aws_network_acl",
                    "depends_on": [
                        "aws_subnet.freeshop_public_subnet",
                        "aws_vpc.freeshop_VPC"
                    ],
                    "primary": {
                        "id": "acl-053e393862fb76329",
                        "attributes": {
                            "egress.#": "1",
                            "egress.2323985334.action": "allow",
                            "egress.2323985334.cidr_block": "0.0.0.0/0",
                            "egress.2323985334.from_port": "1024",
                            "egress.2323985334.icmp_code": "0",
                            "egress.2323985334.icmp_type": "0",
                            "egress.2323985334.ipv6_cidr_block": "",
                            "egress.2323985334.protocol": "6",
                            "egress.2323985334.rule_no": "100",
                            "egress.2323985334.to_port": "65535",
                            "id": "acl-053e393862fb76329",
                            "ingress.#": "2",
                            "ingress.557895879.action": "allow",
                            "ingress.557895879.cidr_block": "0.0.0.0/0",
                            "ingress.557895879.from_port": "22",
                            "ingress.557895879.icmp_code": "0",
                            "ingress.557895879.icmp_type": "0",
                            "ingress.557895879.ipv6_cidr_block": "",
                            "ingress.557895879.protocol": "6",
                            "ingress.557895879.rule_no": "100",
                            "ingress.557895879.to_port": "22",
                            "ingress.957423221.action": "allow",
                            "ingress.957423221.cidr_block": "0.0.0.0/0",
                            "ingress.957423221.from_port": "1024",
                            "ingress.957423221.icmp_code": "0",
                            "ingress.957423221.icmp_type": "0",
                            "ingress.957423221.ipv6_cidr_block": "",
                            "ingress.957423221.protocol": "6",
                            "ingress.957423221.rule_no": "200",
                            "ingress.957423221.to_port": "65535",
                            "owner_id": "057031317407",
                            "subnet_ids.#": "1",
                            "subnet_ids.2166264517": "subnet-09b94604c21e45ab1",
                            "tags.%": "1",
                            "tags.Name": "Freeshop-ACL",
                            "vpc_id": "vpc-0875b663d4dc5306f"
                        },
                        "meta": {},
                        "tainted": false
                    },
                    "deposed": [],
                    "provider": "provider.aws"
                },
                "aws_route.My_VPC_internet_access": {
                    "type": "aws_route",
                    "depends_on": [
                        "aws_internet_gateway.freeshop-int-GW",
                        "aws_route_table.My_VPC_route_table"
                    ],
                    "primary": {
                        "id": "r-rtb-0a14c47c3f0b76af01080289494",
                        "attributes": {
                            "destination_cidr_block": "0.0.0.0/0",
                            "destination_prefix_list_id": "",
                            "egress_only_gateway_id": "",
                            "gateway_id": "igw-028982d45c4ce5df9",
                            "id": "r-rtb-0a14c47c3f0b76af01080289494",
                            "instance_id": "",
                            "instance_owner_id": "",
                            "nat_gateway_id": "",
                            "network_interface_id": "",
                            "origin": "CreateRoute",
                            "route_table_id": "rtb-0a14c47c3f0b76af0",
                            "state": "active",
                            "transit_gateway_id": "",
                            "vpc_peering_connection_id": ""
                        },
                        "meta": {
                            "e2bfb730-ecaa-11e6-8f88-34363bc7c4c0": {
                                "create": 120000000000,
                                "delete": 300000000000
                            }
                        },
                        "tainted": false
                    },
                    "deposed": [],
                    "provider": "provider.aws"
                },
                "aws_route_table.My_VPC_route_table": {
                    "type": "aws_route_table",
                    "depends_on": [
                        "aws_vpc.freeshop_VPC"
                    ],
                    "primary": {
                        "id": "rtb-0a14c47c3f0b76af0",
                        "attributes": {
                            "id": "rtb-0a14c47c3f0b76af0",
                            "owner_id": "057031317407",
                            "propagating_vgws.#": "0",
                            "route.#": "1",
                            "route.3767877352.cidr_block": "0.0.0.0/0",
                            "route.3767877352.egress_only_gateway_id": "",
                            "route.3767877352.gateway_id": "igw-028982d45c4ce5df9",
                            "route.3767877352.instance_id": "",
                            "route.3767877352.ipv6_cidr_block": "",
                            "route.3767877352.nat_gateway_id": "",
                            "route.3767877352.network_interface_id": "",
                            "route.3767877352.transit_gateway_id": "",
                            "route.3767877352.vpc_peering_connection_id": "",
                            "tags.%": "1",
                            "tags.Name": "My VPC Route Table",
                            "vpc_id": "vpc-0875b663d4dc5306f"
                        },
                        "meta": {},
                        "tainted": false
                    },
                    "deposed": [],
                    "provider": "provider.aws"
                },
                "aws_route_table_association.My_VPC_association": {
                    "type": "aws_route_table_association",
                    "depends_on": [
                        "aws_route_table.My_VPC_route_table",
                        "aws_subnet.freeshop_public_subnet"
                    ],
                    "primary": {
                        "id": "rtbassoc-068f5d5d7b9f72f17",
                        "attributes": {
                            "id": "rtbassoc-068f5d5d7b9f72f17",
                            "route_table_id": "rtb-0a14c47c3f0b76af0",
                            "subnet_id": "subnet-09b94604c21e45ab1"
                        },
                        "meta": {},
                        "tainted": false
                    },
                    "deposed": [],
                    "provider": "provider.aws"
                },
                "aws_security_group.freeshop": {
                    "type": "aws_security_group",
                    "depends_on": [
                        "aws_vpc.freeshop_VPC"
                    ],
                    "primary": {
                        "id": "sg-054570ee1a6f04335",
                        "attributes": {
                            "arn": "arn:aws:ec2:ap-south-1:057031317407:security-group/sg-054570ee1a6f04335",
                            "description": "Managed by Terraform",
                            "egress.#": "0",
                            "id": "sg-054570ee1a6f04335",
                            "ingress.#": "2",
                            "ingress.2541437006.cidr_blocks.#": "1",
                            "ingress.2541437006.cidr_blocks.0": "0.0.0.0/0",
                            "ingress.2541437006.description": "",
                            "ingress.2541437006.from_port": "22",
                            "ingress.2541437006.ipv6_cidr_blocks.#": "0",
                            "ingress.2541437006.prefix_list_ids.#": "0",
                            "ingress.2541437006.protocol": "tcp",
                            "ingress.2541437006.security_groups.#": "0",
                            "ingress.2541437006.self": "false",
                            "ingress.2541437006.to_port": "22",
                            "ingress.482069346.cidr_blocks.#": "1",
                            "ingress.482069346.cidr_blocks.0": "0.0.0.0/0",
                            "ingress.482069346.description": "",
                            "ingress.482069346.from_port": "0",
                            "ingress.482069346.ipv6_cidr_blocks.#": "0",
                            "ingress.482069346.prefix_list_ids.#": "0",
                            "ingress.482069346.protocol": "-1",
                            "ingress.482069346.security_groups.#": "0",
                            "ingress.482069346.self": "false",
                            "ingress.482069346.to_port": "0",
                            "name": "allow-all-sg",
                            "owner_id": "057031317407",
                            "revoke_rules_on_delete": "false",
                            "tags.%": "0",
                            "vpc_id": "vpc-0875b663d4dc5306f"
                        },
                        "meta": {
                            "e2bfb730-ecaa-11e6-8f88-34363bc7c4c0": {
                                "create": 600000000000,
                                "delete": 600000000000
                            },
                            "schema_version": "1"
                        },
                        "tainted": false
                    },
                    "deposed": [],
                    "provider": "provider.aws"
                },
                "aws_security_group.freeshop-": {
                    "type": "aws_security_group",
                    "depends_on": [
                        "aws_vpc.freeshop_VPC"
                    ],
                    "primary": {
                        "id": "sg-0843f92b2ccaf8e37",
                        "attributes": {
                            "arn": "arn:aws:ec2:ap-south-1:057031317407:security-group/sg-0843f92b2ccaf8e37",
                            "description": "Managed by Terraform",
                            "egress.#": "0",
                            "id": "sg-0843f92b2ccaf8e37",
                            "ingress.#": "2",
                            "ingress.2541437006.cidr_blocks.#": "1",
                            "ingress.2541437006.cidr_blocks.0": "0.0.0.0/0",
                            "ingress.2541437006.description": "",
                            "ingress.2541437006.from_port": "22",
                            "ingress.2541437006.ipv6_cidr_blocks.#": "0",
                            "ingress.2541437006.prefix_list_ids.#": "0",
                            "ingress.2541437006.protocol": "tcp",
                            "ingress.2541437006.security_groups.#": "0",
                            "ingress.2541437006.self": "false",
                            "ingress.2541437006.to_port": "22",
                            "ingress.516175195.cidr_blocks.#": "1",
                            "ingress.516175195.cidr_blocks.0": "0.0.0.0/0",
                            "ingress.516175195.description": "",
                            "ingress.516175195.from_port": "8080",
                            "ingress.516175195.ipv6_cidr_blocks.#": "0",
                            "ingress.516175195.prefix_list_ids.#": "0",
                            "ingress.516175195.protocol": "tcp",
                            "ingress.516175195.security_groups.#": "0",
                            "ingress.516175195.self": "false",
                            "ingress.516175195.to_port": "8080",
                            "name": "terraform-freeshop-instance",
                            "owner_id": "057031317407",
                            "revoke_rules_on_delete": "false",
                            "tags.%": "0",
                            "vpc_id": "vpc-0875b663d4dc5306f"
                        },
                        "meta": {
                            "e2bfb730-ecaa-11e6-8f88-34363bc7c4c0": {
                                "create": 600000000000,
                                "delete": 600000000000
                            },
                            "schema_version": "1"
                        },
                        "tainted": false
                    },
                    "deposed": [],
                    "provider": "provider.aws"
                },
                "aws_security_group.freeshop_public_sg": {
                    "type": "aws_security_group",
                    "depends_on": [
                        "aws_vpc.freeshop_VPC"
                    ],
                    "primary": {
                        "id": "sg-0ae0c734d4d2226b3",
                        "attributes": {
                            "arn": "arn:aws:ec2:ap-south-1:057031317407:security-group/sg-0ae0c734d4d2226b3",
                            "description": "Freeshop VPC Security Group",
                            "egress.#": "0",
                            "id": "sg-0ae0c734d4d2226b3",
                            "ingress.#": "1",
                            "ingress.2541437006.cidr_blocks.#": "1",
                            "ingress.2541437006.cidr_blocks.0": "0.0.0.0/0",
                            "ingress.2541437006.description": "",
                            "ingress.2541437006.from_port": "22",
                            "ingress.2541437006.ipv6_cidr_blocks.#": "0",
                            "ingress.2541437006.prefix_list_ids.#": "0",
                            "ingress.2541437006.protocol": "tcp",
                            "ingress.2541437006.security_groups.#": "0",
                            "ingress.2541437006.self": "false",
                            "ingress.2541437006.to_port": "22",
                            "name": "Freeshop VPC Security Group",
                            "owner_id": "057031317407",
                            "revoke_rules_on_delete": "false",
                            "tags.%": "1",
                            "tags.Name": "Freeshop VPC Security Group",
                            "vpc_id": "vpc-0875b663d4dc5306f"
                        },
                        "meta": {
                            "e2bfb730-ecaa-11e6-8f88-34363bc7c4c0": {
                                "create": 600000000000,
                                "delete": 600000000000
                            },
                            "schema_version": "1"
                        },
                        "tainted": false
                    },
                    "deposed": [],
                    "provider": "provider.aws"
                },
                "aws_subnet.Freeshop_Private_Subnet": {
                    "type": "aws_subnet",
                    "depends_on": [
                        "aws_vpc.freeshop_VPC"
                    ],
                    "primary": {
                        "id": "subnet-0cc51aa5442d4f50b",
                        "attributes": {
                            "arn": "arn:aws:ec2:ap-south-1:057031317407:subnet/subnet-0cc51aa5442d4f50b",
                            "assign_ipv6_address_on_creation": "false",
                            "availability_zone": "ap-south-1a",
                            "availability_zone_id": "aps1-az1",
                            "cidr_block": "10.0.16.0/20",
                            "id": "subnet-0cc51aa5442d4f50b",
                            "ipv6_cidr_block": "",
                            "ipv6_cidr_block_association_id": "",
                            "map_public_ip_on_launch": "true",
                            "owner_id": "057031317407",
                            "tags.%": "1",
                            "tags.Name": "Freeshop Private Subnet",
                            "vpc_id": "vpc-0875b663d4dc5306f"
                        },
                        "meta": {
                            "e2bfb730-ecaa-11e6-8f88-34363bc7c4c0": {
                                "create": 600000000000,
                                "delete": 1200000000000
                            },
                            "schema_version": "1"
                        },
                        "tainted": false
                    },
                    "deposed": [],
                    "provider": "provider.aws"
                },
                "aws_subnet.freeshop_public_subnet": {
                    "type": "aws_subnet",
                    "depends_on": [
                        "aws_vpc.freeshop_VPC"
                    ],
                    "primary": {
                        "id": "subnet-09b94604c21e45ab1",
                        "attributes": {
                            "arn": "arn:aws:ec2:ap-south-1:057031317407:subnet/subnet-09b94604c21e45ab1",
                            "assign_ipv6_address_on_creation": "false",
                            "availability_zone": "ap-south-1b",
                            "availability_zone_id": "aps1-az3",
                            "cidr_block": "10.0.32.0/20",
                            "id": "subnet-09b94604c21e45ab1",
                            "ipv6_cidr_block": "",
                            "ipv6_cidr_block_association_id": "",
                            "map_public_ip_on_launch": "true",
                            "owner_id": "057031317407",
                            "tags.%": "1",
                            "tags.Name": "Freeshop Public Subnet",
                            "vpc_id": "vpc-0875b663d4dc5306f"
                        },
                        "meta": {
                            "e2bfb730-ecaa-11e6-8f88-34363bc7c4c0": {
                                "create": 600000000000,
                                "delete": 1200000000000
                            },
                            "schema_version": "1"
                        },
                        "tainted": false
                    },
                    "deposed": [],
                    "provider": "provider.aws"
                },
                "aws_vpc.freeshop_VPC": {
                    "type": "aws_vpc",
                    "depends_on": [],
                    "primary": {
                        "id": "vpc-0875b663d4dc5306f",
                        "attributes": {
                            "arn": "arn:aws:ec2:ap-south-1:057031317407:vpc/vpc-0875b663d4dc5306f",
                            "assign_generated_ipv6_cidr_block": "false",
                            "cidr_block": "10.0.0.0/16",
                            "default_network_acl_id": "acl-0091bf1d31a6cba14",
                            "default_route_table_id": "rtb-0c1eda8038b1d725d",
                            "default_security_group_id": "sg-055b07b9fd478cc6f",
                            "dhcp_options_id": "dopt-dfe600b4",
                            "enable_dns_hostnames": "true",
                            "enable_dns_support": "true",
                            "id": "vpc-0875b663d4dc5306f",
                            "instance_tenancy": "default",
                            "ipv6_association_id": "",
                            "ipv6_cidr_block": "",
                            "main_route_table_id": "rtb-0c1eda8038b1d725d",
                            "owner_id": "057031317407",
                            "tags.%": "1",
                            "tags.Name": "freeshop_VPC"
                        },
                        "meta": {
                            "schema_version": "1"
                        },
                        "tainted": false
                    },
                    "deposed": [],
                    "provider": "provider.aws"
                }
            },
            "depends_on": []
        }
    ]
}
