{
    "version": 3,
    "terraform_version": "0.11.13",
    "serial": 19,
    "lineage": "adf255c0-c5b7-a76e-d1cf-3659ae328354",
    "modules": [
        {
            "path": [
                "root"
            ],
            "outputs": {},
            "resources": {
                "aws_alb_target_group.freeshop-tg": {
                    "type": "aws_alb_target_group",
                    "depends_on": [
                        "aws_vpc.freeshop_VPC"
                    ],
                    "primary": {
                        "id": "arn:aws:elasticloadbalancing:ap-south-1:057031317407:targetgroup/freeshop-tg/0e44c3b3d28156fb",
                        "attributes": {
                            "arn": "arn:aws:elasticloadbalancing:ap-south-1:057031317407:targetgroup/freeshop-tg/0e44c3b3d28156fb",
                            "arn_suffix": "targetgroup/freeshop-tg/0e44c3b3d28156fb",
                            "deregistration_delay": "300",
                            "health_check.#": "1",
                            "health_check.0.enabled": "true",
                            "health_check.0.healthy_threshold": "5",
                            "health_check.0.interval": "30",
                            "health_check.0.matcher": "200",
                            "health_check.0.path": "/",
                            "health_check.0.port": "traffic-port",
                            "health_check.0.protocol": "HTTP",
                            "health_check.0.timeout": "5",
                            "health_check.0.unhealthy_threshold": "2",
                            "id": "arn:aws:elasticloadbalancing:ap-south-1:057031317407:targetgroup/freeshop-tg/0e44c3b3d28156fb",
                            "lambda_multi_value_headers_enabled": "false",
                            "name": "freeshop-tg",
                            "port": "8080",
                            "protocol": "HTTP",
                            "proxy_protocol_v2": "false",
                            "slow_start": "0",
                            "stickiness.#": "1",
                            "stickiness.0.cookie_duration": "86400",
                            "stickiness.0.enabled": "false",
                            "stickiness.0.type": "lb_cookie",
                            "tags.%": "1",
                            "tags.Name": "freeshop-tg",
                            "target_type": "instance",
                            "vpc_id": "vpc-09353726b6c4a1c96"
                        },
                        "meta": {},
                        "tainted": false
                    },
                    "deposed": [],
                    "provider": "provider.aws"
                },
                "aws_autoscaling_group.freeshop": {
                    "type": "aws_autoscaling_group",
                    "depends_on": [
                        "aws_launch_configuration.freeshop",
                        "aws_subnet.freeshop_public_subnet"
                    ],
                    "primary": {
                        "id": "tf-asg-20190918172105954900000001",
                        "attributes": {
                            "arn": "arn:aws:autoscaling:ap-south-1:057031317407:autoScalingGroup:9c0b7fdb-0615-45ac-89eb-d100cc0311dc:autoScalingGroupName/tf-asg-20190918172105954900000001",
                            "availability_zones.#": "1",
                            "availability_zones.1163474009": "ap-south-1a",
                            "default_cooldown": "300",
                            "desired_capacity": "2",
                            "enabled_metrics.#": "0",
                            "force_delete": "false",
                            "health_check_grace_period": "300",
                            "health_check_type": "EC2",
                            "id": "tf-asg-20190918172105954900000001",
                            "launch_configuration": "terraform-20190918171334718600000001",
                            "launch_template.#": "0",
                            "load_balancers.#": "0",
                            "max_size": "5",
                            "metrics_granularity": "1Minute",
                            "min_size": "2",
                            "mixed_instances_policy.#": "0",
                            "name": "tf-asg-20190918172105954900000001",
                            "placement_group": "",
                            "protect_from_scale_in": "false",
                            "service_linked_role_arn": "arn:aws:iam::057031317407:role/aws-service-role/autoscaling.amazonaws.com/AWSServiceRoleForAutoScaling",
                            "suspended_processes.#": "0",
                            "tag.#": "1",
                            "tag.1996524668.key": "Name",
                            "tag.1996524668.propagate_at_launch": "true",
                            "tag.1996524668.value": "Freeshop-Instance",
                            "target_group_arns.#": "0",
                            "termination_policies.#": "0",
                            "vpc_zone_identifier.#": "1",
                            "vpc_zone_identifier.3110685761": "subnet-02b449bd7b27795a8",
                            "wait_for_capacity_timeout": "10m"
                        },
                        "meta": {
                            "e2bfb730-ecaa-11e6-8f88-34363bc7c4c0": {
                                "delete": 600000000000
                            }
                        },
                        "tainted": false
                    },
                    "deposed": [],
                    "provider": "provider.aws"
                },
                "aws_internet_gateway.freeshop-int-GW": {
                    "type": "aws_internet_gateway",
                    "depends_on": [
                        "aws_vpc.freeshop_VPC"
                    ],
                    "primary": {
                        "id": "igw-02b89e6d5de7d4520",
                        "attributes": {
                            "id": "igw-02b89e6d5de7d4520",
                            "owner_id": "057031317407",
                            "tags.%": "1",
                            "tags.Name": "Freeshop Int Gateway",
                            "vpc_id": "vpc-09353726b6c4a1c96"
                        },
                        "meta": {},
                        "tainted": false
                    },
                    "deposed": [],
                    "provider": "provider.aws"
                },
                "aws_launch_configuration.freeshop": {
                    "type": "aws_launch_configuration",
                    "depends_on": [
                        "aws_security_group.freeshop_public_sg"
                    ],
                    "primary": {
                        "id": "terraform-20190918171334718600000001",
                        "attributes": {
                            "associate_public_ip_address": "false",
                            "ebs_block_device.#": "0",
                            "ebs_optimized": "false",
                            "enable_monitoring": "true",
                            "ephemeral_block_device.#": "0",
                            "iam_instance_profile": "",
                            "id": "terraform-20190918171334718600000001",
                            "image_id": "ami-009110a2bf8d7dd0a",
                            "instance_type": "t2.micro",
                            "key_name": "pc",
                            "name": "terraform-20190918171334718600000001",
                            "root_block_device.#": "0",
                            "security_groups.#": "1",
                            "security_groups.4175330835": "sg-0b4b241650f80cf56",
                            "spot_price": "",
                            "user_data": "c765373c563b260626d113c4a56a46e8a8c5ca33",
                            "vpc_classic_link_id": "",
                            "vpc_classic_link_security_groups.#": "0"
                        },
                        "meta": {},
                        "tainted": false
                    },
                    "deposed": [],
                    "provider": "provider.aws"
                },
                "aws_network_acl.Freeshop_Security_ACL": {
                    "type": "aws_network_acl",
                    "depends_on": [
                        "aws_subnet.freeshop_public_subnet",
                        "aws_vpc.freeshop_VPC"
                    ],
                    "primary": {
                        "id": "acl-0fec728f1bb0939f3",
                        "attributes": {
                            "egress.#": "1",
                            "egress.2323985334.action": "allow",
                            "egress.2323985334.cidr_block": "0.0.0.0/0",
                            "egress.2323985334.from_port": "1024",
                            "egress.2323985334.icmp_code": "0",
                            "egress.2323985334.icmp_type": "0",
                            "egress.2323985334.ipv6_cidr_block": "",
                            "egress.2323985334.protocol": "6",
                            "egress.2323985334.rule_no": "100",
                            "egress.2323985334.to_port": "65535",
                            "id": "acl-0fec728f1bb0939f3",
                            "ingress.#": "2",
                            "ingress.557895879.action": "allow",
                            "ingress.557895879.cidr_block": "0.0.0.0/0",
                            "ingress.557895879.from_port": "22",
                            "ingress.557895879.icmp_code": "0",
                            "ingress.557895879.icmp_type": "0",
                            "ingress.557895879.ipv6_cidr_block": "",
                            "ingress.557895879.protocol": "6",
                            "ingress.557895879.rule_no": "100",
                            "ingress.557895879.to_port": "22",
                            "ingress.957423221.action": "allow",
                            "ingress.957423221.cidr_block": "0.0.0.0/0",
                            "ingress.957423221.from_port": "1024",
                            "ingress.957423221.icmp_code": "0",
                            "ingress.957423221.icmp_type": "0",
                            "ingress.957423221.ipv6_cidr_block": "",
                            "ingress.957423221.protocol": "6",
                            "ingress.957423221.rule_no": "200",
                            "ingress.957423221.to_port": "65535",
                            "owner_id": "057031317407",
                            "subnet_ids.#": "1",
                            "subnet_ids.3110685761": "subnet-02b449bd7b27795a8",
                            "tags.%": "1",
                            "tags.Name": "Freeshop-ACL",
                            "vpc_id": "vpc-09353726b6c4a1c96"
                        },
                        "meta": {},
                        "tainted": false
                    },
                    "deposed": [],
                    "provider": "provider.aws"
                },
                "aws_route.My_VPC_internet_access": {
                    "type": "aws_route",
                    "depends_on": [
                        "aws_internet_gateway.freeshop-int-GW",
                        "aws_route_table.My_VPC_route_table"
                    ],
                    "primary": {
                        "id": "r-rtb-02ad483bb35efd5311080289494",
                        "attributes": {
                            "destination_cidr_block": "0.0.0.0/0",
                            "destination_prefix_list_id": "",
                            "egress_only_gateway_id": "",
                            "gateway_id": "igw-02b89e6d5de7d4520",
                            "id": "r-rtb-02ad483bb35efd5311080289494",
                            "instance_id": "",
                            "instance_owner_id": "",
                            "nat_gateway_id": "",
                            "network_interface_id": "",
                            "origin": "CreateRoute",
                            "route_table_id": "rtb-02ad483bb35efd531",
                            "state": "active",
                            "transit_gateway_id": "",
                            "vpc_peering_connection_id": ""
                        },
                        "meta": {
                            "e2bfb730-ecaa-11e6-8f88-34363bc7c4c0": {
                                "create": 120000000000,
                                "delete": 300000000000
                            }
                        },
                        "tainted": false
                    },
                    "deposed": [],
                    "provider": "provider.aws"
                },
                "aws_route_table.My_VPC_route_table": {
                    "type": "aws_route_table",
                    "depends_on": [
                        "aws_vpc.freeshop_VPC"
                    ],
                    "primary": {
                        "id": "rtb-02ad483bb35efd531",
                        "attributes": {
                            "id": "rtb-02ad483bb35efd531",
                            "owner_id": "057031317407",
                            "propagating_vgws.#": "0",
                            "route.#": "1",
                            "route.4112640691.cidr_block": "0.0.0.0/0",
                            "route.4112640691.egress_only_gateway_id": "",
                            "route.4112640691.gateway_id": "igw-02b89e6d5de7d4520",
                            "route.4112640691.instance_id": "",
                            "route.4112640691.ipv6_cidr_block": "",
                            "route.4112640691.nat_gateway_id": "",
                            "route.4112640691.network_interface_id": "",
                            "route.4112640691.transit_gateway_id": "",
                            "route.4112640691.vpc_peering_connection_id": "",
                            "tags.%": "1",
                            "tags.Name": "My VPC Route Table",
                            "vpc_id": "vpc-09353726b6c4a1c96"
                        },
                        "meta": {},
                        "tainted": false
                    },
                    "deposed": [],
                    "provider": "provider.aws"
                },
                "aws_route_table_association.My_VPC_association": {
                    "type": "aws_route_table_association",
                    "depends_on": [
                        "aws_route_table.My_VPC_route_table",
                        "aws_subnet.freeshop_public_subnet"
                    ],
                    "primary": {
                        "id": "rtbassoc-0093a7c1bfdde5901",
                        "attributes": {
                            "id": "rtbassoc-0093a7c1bfdde5901",
                            "route_table_id": "rtb-02ad483bb35efd531",
                            "subnet_id": "subnet-02b449bd7b27795a8"
                        },
                        "meta": {},
                        "tainted": false
                    },
                    "deposed": [],
                    "provider": "provider.aws"
                },
                "aws_security_group.freeshop": {
                    "type": "aws_security_group",
                    "depends_on": [
                        "aws_vpc.freeshop_VPC"
                    ],
                    "primary": {
                        "id": "sg-022e9f5bf8da99adc",
                        "attributes": {
                            "arn": "arn:aws:ec2:ap-south-1:057031317407:security-group/sg-022e9f5bf8da99adc",
                            "description": "Managed by Terraform",
                            "egress.#": "0",
                            "id": "sg-022e9f5bf8da99adc",
                            "ingress.#": "2",
                            "ingress.2541437006.cidr_blocks.#": "1",
                            "ingress.2541437006.cidr_blocks.0": "0.0.0.0/0",
                            "ingress.2541437006.description": "",
                            "ingress.2541437006.from_port": "22",
                            "ingress.2541437006.ipv6_cidr_blocks.#": "0",
                            "ingress.2541437006.prefix_list_ids.#": "0",
                            "ingress.2541437006.protocol": "tcp",
                            "ingress.2541437006.security_groups.#": "0",
                            "ingress.2541437006.self": "false",
                            "ingress.2541437006.to_port": "22",
                            "ingress.482069346.cidr_blocks.#": "1",
                            "ingress.482069346.cidr_blocks.0": "0.0.0.0/0",
                            "ingress.482069346.description": "",
                            "ingress.482069346.from_port": "0",
                            "ingress.482069346.ipv6_cidr_blocks.#": "0",
                            "ingress.482069346.prefix_list_ids.#": "0",
                            "ingress.482069346.protocol": "-1",
                            "ingress.482069346.security_groups.#": "0",
                            "ingress.482069346.self": "false",
                            "ingress.482069346.to_port": "0",
                            "name": "allow-all-sg",
                            "owner_id": "057031317407",
                            "revoke_rules_on_delete": "false",
                            "tags.%": "0",
                            "vpc_id": "vpc-09353726b6c4a1c96"
                        },
                        "meta": {
                            "e2bfb730-ecaa-11e6-8f88-34363bc7c4c0": {
                                "create": 600000000000,
                                "delete": 600000000000
                            },
                            "schema_version": "1"
                        },
                        "tainted": false
                    },
                    "deposed": [],
                    "provider": "provider.aws"
                },
                "aws_security_group.freeshop-": {
                    "type": "aws_security_group",
                    "depends_on": [
                        "aws_vpc.freeshop_VPC"
                    ],
                    "primary": {
                        "id": "sg-04c21c068f566cf28",
                        "attributes": {
                            "arn": "arn:aws:ec2:ap-south-1:057031317407:security-group/sg-04c21c068f566cf28",
                            "description": "Managed by Terraform",
                            "egress.#": "0",
                            "id": "sg-04c21c068f566cf28",
                            "ingress.#": "2",
                            "ingress.2541437006.cidr_blocks.#": "1",
                            "ingress.2541437006.cidr_blocks.0": "0.0.0.0/0",
                            "ingress.2541437006.description": "",
                            "ingress.2541437006.from_port": "22",
                            "ingress.2541437006.ipv6_cidr_blocks.#": "0",
                            "ingress.2541437006.prefix_list_ids.#": "0",
                            "ingress.2541437006.protocol": "tcp",
                            "ingress.2541437006.security_groups.#": "0",
                            "ingress.2541437006.self": "false",
                            "ingress.2541437006.to_port": "22",
                            "ingress.516175195.cidr_blocks.#": "1",
                            "ingress.516175195.cidr_blocks.0": "0.0.0.0/0",
                            "ingress.516175195.description": "",
                            "ingress.516175195.from_port": "8080",
                            "ingress.516175195.ipv6_cidr_blocks.#": "0",
                            "ingress.516175195.prefix_list_ids.#": "0",
                            "ingress.516175195.protocol": "tcp",
                            "ingress.516175195.security_groups.#": "0",
                            "ingress.516175195.self": "false",
                            "ingress.516175195.to_port": "8080",
                            "name": "terraform-freeshop-instance",
                            "owner_id": "057031317407",
                            "revoke_rules_on_delete": "false",
                            "tags.%": "0",
                            "vpc_id": "vpc-09353726b6c4a1c96"
                        },
                        "meta": {
                            "e2bfb730-ecaa-11e6-8f88-34363bc7c4c0": {
                                "create": 600000000000,
                                "delete": 600000000000
                            },
                            "schema_version": "1"
                        },
                        "tainted": false
                    },
                    "deposed": [],
                    "provider": "provider.aws"
                },
                "aws_security_group.freeshop_public_sg": {
                    "type": "aws_security_group",
                    "depends_on": [
                        "aws_vpc.freeshop_VPC"
                    ],
                    "primary": {
                        "id": "sg-0b4b241650f80cf56",
                        "attributes": {
                            "arn": "arn:aws:ec2:ap-south-1:057031317407:security-group/sg-0b4b241650f80cf56",
                            "description": "Freeshop VPC Security Group",
                            "egress.#": "0",
                            "id": "sg-0b4b241650f80cf56",
                            "ingress.#": "1",
                            "ingress.2541437006.cidr_blocks.#": "1",
                            "ingress.2541437006.cidr_blocks.0": "0.0.0.0/0",
                            "ingress.2541437006.description": "",
                            "ingress.2541437006.from_port": "22",
                            "ingress.2541437006.ipv6_cidr_blocks.#": "0",
                            "ingress.2541437006.prefix_list_ids.#": "0",
                            "ingress.2541437006.protocol": "tcp",
                            "ingress.2541437006.security_groups.#": "0",
                            "ingress.2541437006.self": "false",
                            "ingress.2541437006.to_port": "22",
                            "name": "Freeshop VPC Security Group",
                            "owner_id": "057031317407",
                            "revoke_rules_on_delete": "false",
                            "tags.%": "1",
                            "tags.Name": "Freeshop VPC Security Group",
                            "vpc_id": "vpc-09353726b6c4a1c96"
                        },
                        "meta": {
                            "e2bfb730-ecaa-11e6-8f88-34363bc7c4c0": {
                                "create": 600000000000,
                                "delete": 600000000000
                            },
                            "schema_version": "1"
                        },
                        "tainted": false
                    },
                    "deposed": [],
                    "provider": "provider.aws"
                },
                "aws_subnet.freeshop_public_subnet": {
                    "type": "aws_subnet",
                    "depends_on": [
                        "aws_vpc.freeshop_VPC"
                    ],
                    "primary": {
                        "id": "subnet-02b449bd7b27795a8",
                        "attributes": {
                            "arn": "arn:aws:ec2:ap-south-1:057031317407:subnet/subnet-02b449bd7b27795a8",
                            "assign_ipv6_address_on_creation": "false",
                            "availability_zone": "ap-south-1a",
                            "availability_zone_id": "aps1-az1",
                            "cidr_block": "10.20.1.0/24",
                            "id": "subnet-02b449bd7b27795a8",
                            "ipv6_cidr_block": "",
                            "ipv6_cidr_block_association_id": "",
                            "map_public_ip_on_launch": "true",
                            "owner_id": "057031317407",
                            "tags.%": "1",
                            "tags.Name": "freeshop_public_subnet-1",
                            "vpc_id": "vpc-09353726b6c4a1c96"
                        },
                        "meta": {
                            "e2bfb730-ecaa-11e6-8f88-34363bc7c4c0": {
                                "create": 600000000000,
                                "delete": 1200000000000
                            },
                            "schema_version": "1"
                        },
                        "tainted": false
                    },
                    "deposed": [],
                    "provider": "provider.aws"
                },
                "aws_vpc.freeshop_VPC": {
                    "type": "aws_vpc",
                    "depends_on": [],
                    "primary": {
                        "id": "vpc-09353726b6c4a1c96",
                        "attributes": {
                            "arn": "arn:aws:ec2:ap-south-1:057031317407:vpc/vpc-09353726b6c4a1c96",
                            "assign_generated_ipv6_cidr_block": "false",
                            "cidr_block": "10.20.0.0/16",
                            "default_network_acl_id": "acl-094e076a201a6ee3c",
                            "default_route_table_id": "rtb-04edf0e4dcc8c871d",
                            "default_security_group_id": "sg-05514080a1438b4f7",
                            "dhcp_options_id": "dopt-dfe600b4",
                            "enable_dns_hostnames": "true",
                            "enable_dns_support": "true",
                            "id": "vpc-09353726b6c4a1c96",
                            "instance_tenancy": "default",
                            "ipv6_association_id": "",
                            "ipv6_cidr_block": "",
                            "main_route_table_id": "rtb-04edf0e4dcc8c871d",
                            "owner_id": "057031317407",
                            "tags.%": "1",
                            "tags.Name": "freeshop_VPC"
                        },
                        "meta": {
                            "schema_version": "1"
                        },
                        "tainted": false
                    },
                    "deposed": [],
                    "provider": "provider.aws"
                }
            },
            "depends_on": []
        }
    ]
}
