{
    "version": 3,
    "terraform_version": "0.11.14",
    "serial": 4,
    "lineage": "4cff335e-09c8-528a-6031-bccf646a44d6",
    "modules": [
        {
            "path": [
                "root"
            ],
            "outputs": {
                "elb-dns-name": {
                    "sensitive": false,
                    "type": "string",
                    "value": "terra-elb-1494821787.ap-south-1.elb.amazonaws.com"
                }
            },
            "resources": {
                "aws_elb.terra-elb": {
                    "type": "aws_elb",
                    "depends_on": [
                        "aws_instance.webservers.*",
                        "aws_security_group.webservers",
                        "aws_subnet.public.*"
                    ],
                    "primary": {
                        "id": "terra-elb",
                        "attributes": {
                            "access_logs.#": "0",
                            "arn": "arn:aws:elasticloadbalancing:ap-south-1:750950404467:loadbalancer/terra-elb",
                            "availability_zones.#": "2",
                            "availability_zones.1163474009": "ap-south-1a",
                            "availability_zones.3696256483": "ap-south-1b",
                            "connection_draining": "true",
                            "connection_draining_timeout": "300",
                            "cross_zone_load_balancing": "true",
                            "dns_name": "terra-elb-1494821787.ap-south-1.elb.amazonaws.com",
                            "health_check.#": "1",
                            "health_check.0.healthy_threshold": "2",
                            "health_check.0.interval": "30",
                            "health_check.0.target": "HTTP:80/index.html",
                            "health_check.0.timeout": "3",
                            "health_check.0.unhealthy_threshold": "2",
                            "id": "terra-elb",
                            "idle_timeout": "100",
                            "instances.#": "2",
                            "instances.1899819097": "i-0b3e0c5639c3d5829",
                            "instances.2657310526": "i-09d7201493cdc2a9c",
                            "internal": "false",
                            "listener.#": "1",
                            "listener.3057123346.instance_port": "80",
                            "listener.3057123346.instance_protocol": "http",
                            "listener.3057123346.lb_port": "80",
                            "listener.3057123346.lb_protocol": "http",
                            "listener.3057123346.ssl_certificate_id": "",
                            "name": "terra-elb",
                            "security_groups.#": "1",
                            "security_groups.3698611999": "sg-00af16d2a7dad1a8c",
                            "source_security_group": "750950404467/allow_http",
                            "source_security_group_id": "sg-00af16d2a7dad1a8c",
                            "subnets.#": "2",
                            "subnets.2443952649": "subnet-081fd43b93072e3fd",
                            "subnets.4089763300": "subnet-08887e447659998bd",
                            "tags.%": "1",
                            "tags.Name": "terraform-elb",
                            "zone_id": "ZP97RAFLXTNZK"
                        },
                        "meta": {},
                        "tainted": false
                    },
                    "deposed": [],
                    "provider": "provider.aws"
                },
                "aws_instance.webservers.0": {
                    "type": "aws_instance",
                    "depends_on": [
                        "aws_security_group.webservers",
                        "aws_subnet.public.*"
                    ],
                    "primary": {
                        "id": "i-0b3e0c5639c3d5829",
                        "attributes": {
                            "ami": "ami-009110a2bf8d7dd0a",
                            "arn": "arn:aws:ec2:ap-south-1:750950404467:instance/i-0b3e0c5639c3d5829",
                            "associate_public_ip_address": "true",
                            "availability_zone": "ap-south-1a",
                            "cpu_core_count": "1",
                            "cpu_threads_per_core": "1",
                            "credit_specification.#": "1",
                            "credit_specification.0.cpu_credits": "standard",
                            "disable_api_termination": "false",
                            "ebs_block_device.#": "0",
                            "ebs_optimized": "false",
                            "ephemeral_block_device.#": "0",
                            "get_password_data": "false",
                            "iam_instance_profile": "",
                            "id": "i-0b3e0c5639c3d5829",
                            "instance_state": "running",
                            "instance_type": "t2.micro",
                            "ipv6_address_count": "0",
                            "ipv6_addresses.#": "0",
                            "key_name": "pc",
                            "monitoring": "false",
                            "network_interface.#": "0",
                            "password_data": "",
                            "placement_group": "",
                            "primary_network_interface_id": "eni-0475d84d2839daba0",
                            "private_dns": "ip-10-20-1-121.ap-south-1.compute.internal",
                            "private_ip": "10.20.1.121",
                            "public_dns": "",
                            "public_ip": "13.234.120.218",
                            "root_block_device.#": "1",
                            "root_block_device.0.delete_on_termination": "true",
                            "root_block_device.0.encrypted": "false",
                            "root_block_device.0.iops": "100",
                            "root_block_device.0.kms_key_id": "",
                            "root_block_device.0.volume_id": "vol-0c823725943430120",
                            "root_block_device.0.volume_size": "8",
                            "root_block_device.0.volume_type": "gp2",
                            "security_groups.#": "0",
                            "source_dest_check": "true",
                            "subnet_id": "subnet-08887e447659998bd",
                            "tags.%": "1",
                            "tags.Name": "Server-1",
                            "tenancy": "default",
                            "user_data": "64c3652e3f704617ddd249cf95598f675ad721e9",
                            "volume_tags.%": "0",
                            "vpc_security_group_ids.#": "1",
                            "vpc_security_group_ids.3698611999": "sg-00af16d2a7dad1a8c"
                        },
                        "meta": {
                            "e2bfb730-ecaa-11e6-8f88-34363bc7c4c0": {
                                "create": 600000000000,
                                "delete": 1200000000000,
                                "update": 600000000000
                            },
                            "schema_version": "1"
                        },
                        "tainted": false
                    },
                    "deposed": [],
                    "provider": "provider.aws"
                },
                "aws_instance.webservers.1": {
                    "type": "aws_instance",
                    "depends_on": [
                        "aws_security_group.webservers",
                        "aws_subnet.public.*"
                    ],
                    "primary": {
                        "id": "i-09d7201493cdc2a9c",
                        "attributes": {
                            "ami": "ami-009110a2bf8d7dd0a",
                            "arn": "arn:aws:ec2:ap-south-1:750950404467:instance/i-09d7201493cdc2a9c",
                            "associate_public_ip_address": "true",
                            "availability_zone": "ap-south-1b",
                            "cpu_core_count": "1",
                            "cpu_threads_per_core": "1",
                            "credit_specification.#": "1",
                            "credit_specification.0.cpu_credits": "standard",
                            "disable_api_termination": "false",
                            "ebs_block_device.#": "0",
                            "ebs_optimized": "false",
                            "ephemeral_block_device.#": "0",
                            "get_password_data": "false",
                            "iam_instance_profile": "",
                            "id": "i-09d7201493cdc2a9c",
                            "instance_state": "running",
                            "instance_type": "t2.micro",
                            "ipv6_address_count": "0",
                            "ipv6_addresses.#": "0",
                            "key_name": "pc",
                            "monitoring": "false",
                            "network_interface.#": "0",
                            "password_data": "",
                            "placement_group": "",
                            "primary_network_interface_id": "eni-0cd95e9197ed1efaa",
                            "private_dns": "ip-10-20-2-222.ap-south-1.compute.internal",
                            "private_ip": "10.20.2.222",
                            "public_dns": "",
                            "public_ip": "3.7.45.49",
                            "root_block_device.#": "1",
                            "root_block_device.0.delete_on_termination": "true",
                            "root_block_device.0.encrypted": "false",
                            "root_block_device.0.iops": "100",
                            "root_block_device.0.kms_key_id": "",
                            "root_block_device.0.volume_id": "vol-097f2a4955b9bdab2",
                            "root_block_device.0.volume_size": "8",
                            "root_block_device.0.volume_type": "gp2",
                            "security_groups.#": "0",
                            "source_dest_check": "true",
                            "subnet_id": "subnet-081fd43b93072e3fd",
                            "tags.%": "1",
                            "tags.Name": "Server-2",
                            "tenancy": "default",
                            "user_data": "64c3652e3f704617ddd249cf95598f675ad721e9",
                            "volume_tags.%": "0",
                            "vpc_security_group_ids.#": "1",
                            "vpc_security_group_ids.3698611999": "sg-00af16d2a7dad1a8c"
                        },
                        "meta": {
                            "e2bfb730-ecaa-11e6-8f88-34363bc7c4c0": {
                                "create": 600000000000,
                                "delete": 1200000000000,
                                "update": 600000000000
                            },
                            "schema_version": "1"
                        },
                        "tainted": false
                    },
                    "deposed": [],
                    "provider": "provider.aws"
                },
                "aws_internet_gateway.terra_igw": {
                    "type": "aws_internet_gateway",
                    "depends_on": [
                        "aws_vpc.terra_vpc"
                    ],
                    "primary": {
                        "id": "igw-0c45068c841cd8583",
                        "attributes": {
                            "id": "igw-0c45068c841cd8583",
                            "owner_id": "750950404467",
                            "tags.%": "1",
                            "tags.Name": "main",
                            "vpc_id": "vpc-0e03976b2e894fe28"
                        },
                        "meta": {},
                        "tainted": false
                    },
                    "deposed": [],
                    "provider": "provider.aws"
                },
                "aws_route_table.public_rt": {
                    "type": "aws_route_table",
                    "depends_on": [
                        "aws_internet_gateway.terra_igw",
                        "aws_vpc.terra_vpc"
                    ],
                    "primary": {
                        "id": "rtb-0cb8d564dceea406a",
                        "attributes": {
                            "id": "rtb-0cb8d564dceea406a",
                            "owner_id": "750950404467",
                            "propagating_vgws.#": "0",
                            "route.#": "1",
                            "route.2391822403.cidr_block": "0.0.0.0/0",
                            "route.2391822403.egress_only_gateway_id": "",
                            "route.2391822403.gateway_id": "igw-0c45068c841cd8583",
                            "route.2391822403.instance_id": "",
                            "route.2391822403.ipv6_cidr_block": "",
                            "route.2391822403.nat_gateway_id": "",
                            "route.2391822403.network_interface_id": "",
                            "route.2391822403.transit_gateway_id": "",
                            "route.2391822403.vpc_peering_connection_id": "",
                            "tags.%": "1",
                            "tags.Name": "publicRouteTable",
                            "vpc_id": "vpc-0e03976b2e894fe28"
                        },
                        "meta": {},
                        "tainted": false
                    },
                    "deposed": [],
                    "provider": "provider.aws"
                },
                "aws_route_table_association.a.0": {
                    "type": "aws_route_table_association",
                    "depends_on": [
                        "aws_route_table.public_rt",
                        "aws_subnet.public.*"
                    ],
                    "primary": {
                        "id": "rtbassoc-0574052d645f94bec",
                        "attributes": {
                            "id": "rtbassoc-0574052d645f94bec",
                            "route_table_id": "rtb-0cb8d564dceea406a",
                            "subnet_id": "subnet-08887e447659998bd"
                        },
                        "meta": {},
                        "tainted": false
                    },
                    "deposed": [],
                    "provider": "provider.aws"
                },
                "aws_route_table_association.a.1": {
                    "type": "aws_route_table_association",
                    "depends_on": [
                        "aws_route_table.public_rt",
                        "aws_subnet.public.*"
                    ],
                    "primary": {
                        "id": "rtbassoc-0f9961844b7d45cc2",
                        "attributes": {
                            "id": "rtbassoc-0f9961844b7d45cc2",
                            "route_table_id": "rtb-0cb8d564dceea406a",
                            "subnet_id": "subnet-081fd43b93072e3fd"
                        },
                        "meta": {},
                        "tainted": false
                    },
                    "deposed": [],
                    "provider": "provider.aws"
                },
                "aws_security_group.webservers": {
                    "type": "aws_security_group",
                    "depends_on": [
                        "aws_vpc.terra_vpc"
                    ],
                    "primary": {
                        "id": "sg-00af16d2a7dad1a8c",
                        "attributes": {
                            "arn": "arn:aws:ec2:ap-south-1:750950404467:security-group/sg-00af16d2a7dad1a8c",
                            "description": "Allow http inbound traffic",
                            "egress.#": "1",
                            "egress.482069346.cidr_blocks.#": "1",
                            "egress.482069346.cidr_blocks.0": "0.0.0.0/0",
                            "egress.482069346.description": "",
                            "egress.482069346.from_port": "0",
                            "egress.482069346.ipv6_cidr_blocks.#": "0",
                            "egress.482069346.prefix_list_ids.#": "0",
                            "egress.482069346.protocol": "-1",
                            "egress.482069346.security_groups.#": "0",
                            "egress.482069346.self": "false",
                            "egress.482069346.to_port": "0",
                            "id": "sg-00af16d2a7dad1a8c",
                            "ingress.#": "1",
                            "ingress.1409554689.cidr_blocks.#": "1",
                            "ingress.1409554689.cidr_blocks.0": "0.0.0.0/0",
                            "ingress.1409554689.description": "",
                            "ingress.1409554689.from_port": "22",
                            "ingress.1409554689.ipv6_cidr_blocks.#": "0",
                            "ingress.1409554689.prefix_list_ids.#": "0",
                            "ingress.1409554689.protocol": "tcp",
                            "ingress.1409554689.security_groups.#": "0",
                            "ingress.1409554689.self": "false",
                            "ingress.1409554689.to_port": "80",
                            "name": "allow_http",
                            "owner_id": "750950404467",
                            "revoke_rules_on_delete": "false",
                            "tags.%": "1",
                            "tags.Name": "Public-Group",
                            "vpc_id": "vpc-0e03976b2e894fe28"
                        },
                        "meta": {
                            "e2bfb730-ecaa-11e6-8f88-34363bc7c4c0": {
                                "create": 600000000000,
                                "delete": 600000000000
                            },
                            "schema_version": "1"
                        },
                        "tainted": false
                    },
                    "deposed": [],
                    "provider": "provider.aws"
                },
                "aws_subnet.public.0": {
                    "type": "aws_subnet",
                    "depends_on": [
                        "aws_vpc.terra_vpc"
                    ],
                    "primary": {
                        "id": "subnet-08887e447659998bd",
                        "attributes": {
                            "arn": "arn:aws:ec2:ap-south-1:750950404467:subnet/subnet-08887e447659998bd",
                            "assign_ipv6_address_on_creation": "false",
                            "availability_zone": "ap-south-1a",
                            "availability_zone_id": "aps1-az1",
                            "cidr_block": "10.20.1.0/24",
                            "id": "subnet-08887e447659998bd",
                            "ipv6_cidr_block": "",
                            "ipv6_cidr_block_association_id": "",
                            "map_public_ip_on_launch": "true",
                            "owner_id": "750950404467",
                            "tags.%": "1",
                            "tags.Name": "Subnet-1",
                            "vpc_id": "vpc-0e03976b2e894fe28"
                        },
                        "meta": {
                            "e2bfb730-ecaa-11e6-8f88-34363bc7c4c0": {
                                "create": 600000000000,
                                "delete": 1200000000000
                            },
                            "schema_version": "1"
                        },
                        "tainted": false
                    },
                    "deposed": [],
                    "provider": "provider.aws"
                },
                "aws_subnet.public.1": {
                    "type": "aws_subnet",
                    "depends_on": [
                        "aws_vpc.terra_vpc"
                    ],
                    "primary": {
                        "id": "subnet-081fd43b93072e3fd",
                        "attributes": {
                            "arn": "arn:aws:ec2:ap-south-1:750950404467:subnet/subnet-081fd43b93072e3fd",
                            "assign_ipv6_address_on_creation": "false",
                            "availability_zone": "ap-south-1b",
                            "availability_zone_id": "aps1-az3",
                            "cidr_block": "10.20.2.0/24",
                            "id": "subnet-081fd43b93072e3fd",
                            "ipv6_cidr_block": "",
                            "ipv6_cidr_block_association_id": "",
                            "map_public_ip_on_launch": "true",
                            "owner_id": "750950404467",
                            "tags.%": "1",
                            "tags.Name": "Subnet-2",
                            "vpc_id": "vpc-0e03976b2e894fe28"
                        },
                        "meta": {
                            "e2bfb730-ecaa-11e6-8f88-34363bc7c4c0": {
                                "create": 600000000000,
                                "delete": 1200000000000
                            },
                            "schema_version": "1"
                        },
                        "tainted": false
                    },
                    "deposed": [],
                    "provider": "provider.aws"
                },
                "aws_vpc.terra_vpc": {
                    "type": "aws_vpc",
                    "depends_on": [],
                    "primary": {
                        "id": "vpc-0e03976b2e894fe28",
                        "attributes": {
                            "arn": "arn:aws:ec2:ap-south-1:750950404467:vpc/vpc-0e03976b2e894fe28",
                            "assign_generated_ipv6_cidr_block": "false",
                            "cidr_block": "10.20.0.0/16",
                            "default_network_acl_id": "acl-0884cf807630cfa08",
                            "default_route_table_id": "rtb-0409c276786280acc",
                            "default_security_group_id": "sg-0c0ad111267e09bb8",
                            "dhcp_options_id": "dopt-6b3ddf00",
                            "enable_dns_hostnames": "false",
                            "enable_dns_support": "true",
                            "id": "vpc-0e03976b2e894fe28",
                            "instance_tenancy": "default",
                            "ipv6_association_id": "",
                            "ipv6_cidr_block": "",
                            "main_route_table_id": "rtb-0409c276786280acc",
                            "owner_id": "750950404467",
                            "tags.%": "1",
                            "tags.Name": "TerraVPC"
                        },
                        "meta": {
                            "schema_version": "1"
                        },
                        "tainted": false
                    },
                    "deposed": [],
                    "provider": "provider.aws"
                }
            },
            "depends_on": []
        }
    ]
}
